// !$*UTF8*$!
{
	archiveVersion = 1;
	classes = {
	};
	objectVersion = 50;
	objects = {

/* Begin PBXBuildFile section */
		86EBA16F273C004F0037B851 /* AppDelegate.swift in Sources */ = {isa = PBXBuildFile; fileRef = 86EBA16E273C004F0037B851 /* AppDelegate.swift */; };
		86EBA171273C004F0037B851 /* SceneDelegate.swift in Sources */ = {isa = PBXBuildFile; fileRef = 86EBA170273C004F0037B851 /* SceneDelegate.swift */; };
		86EBA173273C004F0037B851 /* ArticlesViewController.swift in Sources */ = {isa = PBXBuildFile; fileRef = 86EBA172273C004F0037B851 /* ArticlesViewController.swift */; };
		86EBA178273C00510037B851 /* Assets.xcassets in Resources */ = {isa = PBXBuildFile; fileRef = 86EBA177273C00510037B851 /* Assets.xcassets */; };
		86EBA17B273C00510037B851 /* LaunchScreen.storyboard in Resources */ = {isa = PBXBuildFile; fileRef = 86EBA179273C00510037B851 /* LaunchScreen.storyboard */; };
		86EBA187273C024A0037B851 /* ArticlesInteractor.swift in Sources */ = {isa = PBXBuildFile; fileRef = 86EBA186273C024A0037B851 /* ArticlesInteractor.swift */; };
		86EBA189273C02620037B851 /* ArticlesPresenter.swift in Sources */ = {isa = PBXBuildFile; fileRef = 86EBA188273C02620037B851 /* ArticlesPresenter.swift */; };
		86EBA18B273C02C70037B851 /* ArticlesRouter.swift in Sources */ = {isa = PBXBuildFile; fileRef = 86EBA18A273C02C70037B851 /* ArticlesRouter.swift */; };
		86EBA18D273C03070037B851 /* ArticlesWorker.swift in Sources */ = {isa = PBXBuildFile; fileRef = 86EBA18C273C03070037B851 /* ArticlesWorker.swift */; };
		86EBA191273C07A10037B851 /* ArticleModel.swift in Sources */ = {isa = PBXBuildFile; fileRef = 86EBA190273C07A10037B851 /* ArticleModel.swift */; };
		86EBA19B273C203B0037B851 /* ArticlesConfigurator.swift in Sources */ = {isa = PBXBuildFile; fileRef = 86EBA19A273C203B0037B851 /* ArticlesConfigurator.swift */; };
		86EBA1A9273C36CF0037B851 /* ArticleViewModel.swift in Sources */ = {isa = PBXBuildFile; fileRef = 86EBA1A8273C36CF0037B851 /* ArticleViewModel.swift */; };
		86EBA1B0273C55A50037B851 /* ArticleTableViewCell.swift in Sources */ = {isa = PBXBuildFile; fileRef = 86EBA1AF273C55A50037B851 /* ArticleTableViewCell.swift */; };
		86EBA1B2273C56CD0037B851 /* ArticleCellView.swift in Sources */ = {isa = PBXBuildFile; fileRef = 86EBA1B1273C56CD0037B851 /* ArticleCellView.swift */; };
		86EBA1C7273C96120037B851 /* Poppins-ExtraLight.ttf in Resources */ = {isa = PBXBuildFile; fileRef = 86EBA1B4273C96110037B851 /* Poppins-ExtraLight.ttf */; };
		86EBA1C8273C96120037B851 /* Poppins-ThinItalic.ttf in Resources */ = {isa = PBXBuildFile; fileRef = 86EBA1B5273C96110037B851 /* Poppins-ThinItalic.ttf */; };
		86EBA1C9273C96120037B851 /* Poppins-ExtraLightItalic.ttf in Resources */ = {isa = PBXBuildFile; fileRef = 86EBA1B6273C96110037B851 /* Poppins-ExtraLightItalic.ttf */; };
		86EBA1CA273C96120037B851 /* Poppins-BoldItalic.ttf in Resources */ = {isa = PBXBuildFile; fileRef = 86EBA1B7273C96110037B851 /* Poppins-BoldItalic.ttf */; };
		86EBA1CB273C96120037B851 /* Poppins-Light.ttf in Resources */ = {isa = PBXBuildFile; fileRef = 86EBA1B8273C96110037B851 /* Poppins-Light.ttf */; };
		86EBA1CC273C96120037B851 /* Poppins-Medium.ttf in Resources */ = {isa = PBXBuildFile; fileRef = 86EBA1B9273C96110037B851 /* Poppins-Medium.ttf */; };
		86EBA1CD273C96120037B851 /* Poppins-SemiBoldItalic.ttf in Resources */ = {isa = PBXBuildFile; fileRef = 86EBA1BA273C96110037B851 /* Poppins-SemiBoldItalic.ttf */; };
		86EBA1CE273C96120037B851 /* Poppins-ExtraBoldItalic.ttf in Resources */ = {isa = PBXBuildFile; fileRef = 86EBA1BB273C96110037B851 /* Poppins-ExtraBoldItalic.ttf */; };
		86EBA1CF273C96120037B851 /* Poppins-ExtraBold.ttf in Resources */ = {isa = PBXBuildFile; fileRef = 86EBA1BC273C96110037B851 /* Poppins-ExtraBold.ttf */; };
		86EBA1D0273C96120037B851 /* Poppins-BlackItalic.ttf in Resources */ = {isa = PBXBuildFile; fileRef = 86EBA1BD273C96110037B851 /* Poppins-BlackItalic.ttf */; };
		86EBA1D1273C96120037B851 /* OFL.txt in Resources */ = {isa = PBXBuildFile; fileRef = 86EBA1BE273C96110037B851 /* OFL.txt */; };
		86EBA1D2273C96120037B851 /* Poppins-Regular.ttf in Resources */ = {isa = PBXBuildFile; fileRef = 86EBA1BF273C96110037B851 /* Poppins-Regular.ttf */; };
		86EBA1D3273C96120037B851 /* Poppins-LightItalic.ttf in Resources */ = {isa = PBXBuildFile; fileRef = 86EBA1C0273C96110037B851 /* Poppins-LightItalic.ttf */; };
		86EBA1D4273C96120037B851 /* Poppins-Bold.ttf in Resources */ = {isa = PBXBuildFile; fileRef = 86EBA1C1273C96110037B851 /* Poppins-Bold.ttf */; };
		86EBA1D5273C96120037B851 /* Poppins-Black.ttf in Resources */ = {isa = PBXBuildFile; fileRef = 86EBA1C2273C96110037B851 /* Poppins-Black.ttf */; };
		86EBA1D6273C96120037B851 /* Poppins-Thin.ttf in Resources */ = {isa = PBXBuildFile; fileRef = 86EBA1C3273C96110037B851 /* Poppins-Thin.ttf */; };
		86EBA1D7273C96120037B851 /* Poppins-SemiBold.ttf in Resources */ = {isa = PBXBuildFile; fileRef = 86EBA1C4273C96110037B851 /* Poppins-SemiBold.ttf */; };
		86EBA1D8273C96120037B851 /* Poppins-Italic.ttf in Resources */ = {isa = PBXBuildFile; fileRef = 86EBA1C5273C96110037B851 /* Poppins-Italic.ttf */; };
		86EBA1D9273C96120037B851 /* Poppins-MediumItalic.ttf in Resources */ = {isa = PBXBuildFile; fileRef = 86EBA1C6273C96110037B851 /* Poppins-MediumItalic.ttf */; };
		86EBA1DB273D44230037B851 /* ArticleViewController.swift in Sources */ = {isa = PBXBuildFile; fileRef = 86EBA1DA273D44230037B851 /* ArticleViewController.swift */; };
/* End PBXBuildFile section */

/* Begin PBXFileReference section */
		86EBA16B273C004F0037B851 /* vmpendischukPW5.app */ = {isa = PBXFileReference; explicitFileType = wrapper.application; includeInIndex = 0; path = vmpendischukPW5.app; sourceTree = BUILT_PRODUCTS_DIR; };
		86EBA16E273C004F0037B851 /* AppDelegate.swift */ = {isa = PBXFileReference; lastKnownFileType = sourcecode.swift; path = AppDelegate.swift; sourceTree = "<group>"; };
		86EBA170273C004F0037B851 /* SceneDelegate.swift */ = {isa = PBXFileReference; lastKnownFileType = sourcecode.swift; path = SceneDelegate.swift; sourceTree = "<group>"; };
		86EBA172273C004F0037B851 /* ArticlesViewController.swift */ = {isa = PBXFileReference; lastKnownFileType = sourcecode.swift; path = ArticlesViewController.swift; sourceTree = "<group>"; };
		86EBA177273C00510037B851 /* Assets.xcassets */ = {isa = PBXFileReference; lastKnownFileType = folder.assetcatalog; path = Assets.xcassets; sourceTree = "<group>"; };
		86EBA17A273C00510037B851 /* Base */ = {isa = PBXFileReference; lastKnownFileType = file.storyboard; name = Base; path = Base.lproj/LaunchScreen.storyboard; sourceTree = "<group>"; };
		86EBA17C273C00510037B851 /* Info.plist */ = {isa = PBXFileReference; lastKnownFileType = text.plist.xml; path = Info.plist; sourceTree = "<group>"; };
		86EBA186273C024A0037B851 /* ArticlesInteractor.swift */ = {isa = PBXFileReference; lastKnownFileType = sourcecode.swift; path = ArticlesInteractor.swift; sourceTree = "<group>"; };
		86EBA188273C02620037B851 /* ArticlesPresenter.swift */ = {isa = PBXFileReference; lastKnownFileType = sourcecode.swift; path = ArticlesPresenter.swift; sourceTree = "<group>"; };
		86EBA18A273C02C70037B851 /* ArticlesRouter.swift */ = {isa = PBXFileReference; lastKnownFileType = sourcecode.swift; path = ArticlesRouter.swift; sourceTree = "<group>"; };
		86EBA18C273C03070037B851 /* ArticlesWorker.swift */ = {isa = PBXFileReference; lastKnownFileType = sourcecode.swift; path = ArticlesWorker.swift; sourceTree = "<group>"; };
		86EBA190273C07A10037B851 /* ArticleModel.swift */ = {isa = PBXFileReference; lastKnownFileType = sourcecode.swift; path = ArticleModel.swift; sourceTree = "<group>"; };
		86EBA19A273C203B0037B851 /* ArticlesConfigurator.swift */ = {isa = PBXFileReference; lastKnownFileType = sourcecode.swift; path = ArticlesConfigurator.swift; sourceTree = "<group>"; };
		86EBA1A8273C36CF0037B851 /* ArticleViewModel.swift */ = {isa = PBXFileReference; lastKnownFileType = sourcecode.swift; path = ArticleViewModel.swift; sourceTree = "<group>"; };
		86EBA1AF273C55A50037B851 /* ArticleTableViewCell.swift */ = {isa = PBXFileReference; lastKnownFileType = sourcecode.swift; path = ArticleTableViewCell.swift; sourceTree = "<group>"; };
		86EBA1B1273C56CD0037B851 /* ArticleCellView.swift */ = {isa = PBXFileReference; lastKnownFileType = sourcecode.swift; path = ArticleCellView.swift; sourceTree = "<group>"; };
		86EBA1B4273C96110037B851 /* Poppins-ExtraLight.ttf */ = {isa = PBXFileReference; lastKnownFileType = file; path = "Poppins-ExtraLight.ttf"; sourceTree = "<group>"; };
		86EBA1B5273C96110037B851 /* Poppins-ThinItalic.ttf */ = {isa = PBXFileReference; lastKnownFileType = file; path = "Poppins-ThinItalic.ttf"; sourceTree = "<group>"; };
		86EBA1B6273C96110037B851 /* Poppins-ExtraLightItalic.ttf */ = {isa = PBXFileReference; lastKnownFileType = file; path = "Poppins-ExtraLightItalic.ttf"; sourceTree = "<group>"; };
		86EBA1B7273C96110037B851 /* Poppins-BoldItalic.ttf */ = {isa = PBXFileReference; lastKnownFileType = file; path = "Poppins-BoldItalic.ttf"; sourceTree = "<group>"; };
		86EBA1B8273C96110037B851 /* Poppins-Light.ttf */ = {isa = PBXFileReference; lastKnownFileType = file; path = "Poppins-Light.ttf"; sourceTree = "<group>"; };
		86EBA1B9273C96110037B851 /* Poppins-Medium.ttf */ = {isa = PBXFileReference; lastKnownFileType = file; path = "Poppins-Medium.ttf"; sourceTree = "<group>"; };
		86EBA1BA273C96110037B851 /* Poppins-SemiBoldItalic.ttf */ = {isa = PBXFileReference; lastKnownFileType = file; path = "Poppins-SemiBoldItalic.ttf"; sourceTree = "<group>"; };
		86EBA1BB273C96110037B851 /* Poppins-ExtraBoldItalic.ttf */ = {isa = PBXFileReference; lastKnownFileType = file; path = "Poppins-ExtraBoldItalic.ttf"; sourceTree = "<group>"; };
		86EBA1BC273C96110037B851 /* Poppins-ExtraBold.ttf */ = {isa = PBXFileReference; lastKnownFileType = file; path = "Poppins-ExtraBold.ttf"; sourceTree = "<group>"; };
		86EBA1BD273C96110037B851 /* Poppins-BlackItalic.ttf */ = {isa = PBXFileReference; lastKnownFileType = file; path = "Poppins-BlackItalic.ttf"; sourceTree = "<group>"; };
		86EBA1BE273C96110037B851 /* OFL.txt */ = {isa = PBXFileReference; fileEncoding = 4; lastKnownFileType = text; path = OFL.txt; sourceTree = "<group>"; };
		86EBA1BF273C96110037B851 /* Poppins-Regular.ttf */ = {isa = PBXFileReference; lastKnownFileType = file; path = "Poppins-Regular.ttf"; sourceTree = "<group>"; };
		86EBA1C0273C96110037B851 /* Poppins-LightItalic.ttf */ = {isa = PBXFileReference; lastKnownFileType = file; path = "Poppins-LightItalic.ttf"; sourceTree = "<group>"; };
		86EBA1C1273C96110037B851 /* Poppins-Bold.ttf */ = {isa = PBXFileReference; lastKnownFileType = file; path = "Poppins-Bold.ttf"; sourceTree = "<group>"; };
		86EBA1C2273C96110037B851 /* Poppins-Black.ttf */ = {isa = PBXFileReference; lastKnownFileType = file; path = "Poppins-Black.ttf"; sourceTree = "<group>"; };
		86EBA1C3273C96110037B851 /* Poppins-Thin.ttf */ = {isa = PBXFileReference; lastKnownFileType = file; path = "Poppins-Thin.ttf"; sourceTree = "<group>"; };
		86EBA1C4273C96110037B851 /* Poppins-SemiBold.ttf */ = {isa = PBXFileReference; lastKnownFileType = file; path = "Poppins-SemiBold.ttf"; sourceTree = "<group>"; };
		86EBA1C5273C96110037B851 /* Poppins-Italic.ttf */ = {isa = PBXFileReference; lastKnownFileType = file; path = "Poppins-Italic.ttf"; sourceTree = "<group>"; };
		86EBA1C6273C96110037B851 /* Poppins-MediumItalic.ttf */ = {isa = PBXFileReference; lastKnownFileType = file; path = "Poppins-MediumItalic.ttf"; sourceTree = "<group>"; };
		86EBA1DA273D44230037B851 /* ArticleViewController.swift */ = {isa = PBXFileReference; fileEncoding = 4; lastKnownFileType = sourcecode.swift; path = ArticleViewController.swift; sourceTree = "<group>"; };
/* End PBXFileReference section */

/* Begin PBXFrameworksBuildPhase section */
		86EBA168273C004F0037B851 /* Frameworks */ = {
			isa = PBXFrameworksBuildPhase;
			buildActionMask = 2147483647;
			files = (
			);
			runOnlyForDeploymentPostprocessing = 0;
		};
/* End PBXFrameworksBuildPhase section */

/* Begin PBXGroup section */
		86EBA162273C004F0037B851 = {
			isa = PBXGroup;
			children = (
				86EBA16D273C004F0037B851 /* vmpendischukPW5 */,
				86EBA16C273C004F0037B851 /* Products */,
			);
			sourceTree = "<group>";
		};
		86EBA16C273C004F0037B851 /* Products */ = {
			isa = PBXGroup;
			children = (
				86EBA16B273C004F0037B851 /* vmpendischukPW5.app */,
			);
			name = Products;
			sourceTree = "<group>";
		};
		86EBA16D273C004F0037B851 /* vmpendischukPW5 */ = {
			isa = PBXGroup;
			children = (
				86EBA17C273C00510037B851 /* Info.plist */,
				86EBA185273C01C70037B851 /* Resources */,
				86EBA184273C01AC0037B851 /* Sources */,
			);
			path = vmpendischukPW5;
			sourceTree = "<group>";
		};
		86EBA183273C00DF0037B851 /* Articles */ = {
			isa = PBXGroup;
			children = (
				86EBA1A7273C36BB0037B851 /* ViewModel */,
				86EBA1A6273C2F610037B851 /* Configurator */,
				86EBA1A5273C2F420037B851 /* Model */,
				86EBA1A4273C2F3D0037B851 /* Router */,
				86EBA1A3273C2F370037B851 /* Worker */,
				86EBA1A2273C2F320037B851 /* Interactor */,
				86EBA1A1273C2F2E0037B851 /* View */,
				86EBA1A0273C2F280037B851 /* Presenter */,
			);
			path = Articles;
			sourceTree = "<group>";
		};
		86EBA184273C01AC0037B851 /* Sources */ = {
			isa = PBXGroup;
			children = (
				86EBA199273C20230037B851 /* Shared */,
				86EBA194273C1FAD0037B851 /* Article */,
				86EBA183273C00DF0037B851 /* Articles */,
			);
			path = Sources;
			sourceTree = "<group>";
		};
		86EBA185273C01C70037B851 /* Resources */ = {
			isa = PBXGroup;
			children = (
				86EBA1B3273C96110037B851 /* Poppins */,
				86EBA179273C00510037B851 /* LaunchScreen.storyboard */,
				86EBA177273C00510037B851 /* Assets.xcassets */,
			);
			path = Resources;
			sourceTree = "<group>";
		};
		86EBA194273C1FAD0037B851 /* Article */ = {
			isa = PBXGroup;
			children = (
				86EBA1AA273C42060037B851 /* View */,
			);
			path = Article;
			sourceTree = "<group>";
		};
		86EBA199273C20230037B851 /* Shared */ = {
			isa = PBXGroup;
			children = (
				86EBA16E273C004F0037B851 /* AppDelegate.swift */,
				86EBA170273C004F0037B851 /* SceneDelegate.swift */,
			);
			path = Shared;
			sourceTree = "<group>";
		};
		86EBA1A0273C2F280037B851 /* Presenter */ = {
			isa = PBXGroup;
			children = (
				86EBA188273C02620037B851 /* ArticlesPresenter.swift */,
			);
			path = Presenter;
			sourceTree = "<group>";
		};
		86EBA1A1273C2F2E0037B851 /* View */ = {
			isa = PBXGroup;
			children = (
				86EBA172273C004F0037B851 /* ArticlesViewController.swift */,
				86EBA1AF273C55A50037B851 /* ArticleTableViewCell.swift */,
				86EBA1B1273C56CD0037B851 /* ArticleCellView.swift */,
			);
			path = View;
			sourceTree = "<group>";
		};
		86EBA1A2273C2F320037B851 /* Interactor */ = {
			isa = PBXGroup;
			children = (
				86EBA186273C024A0037B851 /* ArticlesInteractor.swift */,
			);
			path = Interactor;
			sourceTree = "<group>";
		};
		86EBA1A3273C2F370037B851 /* Worker */ = {
			isa = PBXGroup;
			children = (
				86EBA18C273C03070037B851 /* ArticlesWorker.swift */,
			);
			path = Worker;
			sourceTree = "<group>";
		};
		86EBA1A4273C2F3D0037B851 /* Router */ = {
			isa = PBXGroup;
			children = (
				86EBA18A273C02C70037B851 /* ArticlesRouter.swift */,
			);
			path = Router;
			sourceTree = "<group>";
		};
		86EBA1A5273C2F420037B851 /* Model */ = {
			isa = PBXGroup;
			children = (
				86EBA190273C07A10037B851 /* ArticleModel.swift */,
			);
			path = Model;
			sourceTree = "<group>";
		};
		86EBA1A6273C2F610037B851 /* Configurator */ = {
			isa = PBXGroup;
			children = (
				86EBA19A273C203B0037B851 /* ArticlesConfigurator.swift */,
			);
			path = Configurator;
			sourceTree = "<group>";
		};
		86EBA1A7273C36BB0037B851 /* ViewModel */ = {
			isa = PBXGroup;
			children = (
				86EBA1A8273C36CF0037B851 /* ArticleViewModel.swift */,
			);
			path = ViewModel;
			sourceTree = "<group>";
		};
		86EBA1AA273C42060037B851 /* View */ = {
			isa = PBXGroup;
			children = (
				86EBA1DA273D44230037B851 /* ArticleViewController.swift */,
			);
			path = View;
			sourceTree = "<group>";
		};
		86EBA1B3273C96110037B851 /* Poppins */ = {
			isa = PBXGroup;
			children = (
				86EBA1B4273C96110037B851 /* Poppins-ExtraLight.ttf */,
				86EBA1B5273C96110037B851 /* Poppins-ThinItalic.ttf */,
				86EBA1B6273C96110037B851 /* Poppins-ExtraLightItalic.ttf */,
				86EBA1B7273C96110037B851 /* Poppins-BoldItalic.ttf */,
				86EBA1B8273C96110037B851 /* Poppins-Light.ttf */,
				86EBA1B9273C96110037B851 /* Poppins-Medium.ttf */,
				86EBA1BA273C96110037B851 /* Poppins-SemiBoldItalic.ttf */,
				86EBA1BB273C96110037B851 /* Poppins-ExtraBoldItalic.ttf */,
				86EBA1BC273C96110037B851 /* Poppins-ExtraBold.ttf */,
				86EBA1BD273C96110037B851 /* Poppins-BlackItalic.ttf */,
				86EBA1BE273C96110037B851 /* OFL.txt */,
				86EBA1BF273C96110037B851 /* Poppins-Regular.ttf */,
				86EBA1C0273C96110037B851 /* Poppins-LightItalic.ttf */,
				86EBA1C1273C96110037B851 /* Poppins-Bold.ttf */,
				86EBA1C2273C96110037B851 /* Poppins-Black.ttf */,
				86EBA1C3273C96110037B851 /* Poppins-Thin.ttf */,
				86EBA1C4273C96110037B851 /* Poppins-SemiBold.ttf */,
				86EBA1C5273C96110037B851 /* Poppins-Italic.ttf */,
				86EBA1C6273C96110037B851 /* Poppins-MediumItalic.ttf */,
			);
			path = Poppins;
			sourceTree = "<group>";
		};
/* End PBXGroup section */

/* Begin PBXNativeTarget section */
		86EBA16A273C004F0037B851 /* vmpendischukPW5 */ = {
			isa = PBXNativeTarget;
			buildConfigurationList = 86EBA17F273C00510037B851 /* Build configuration list for PBXNativeTarget "vmpendischukPW5" */;
			buildPhases = (
				86EBA167273C004F0037B851 /* Sources */,
				86EBA168273C004F0037B851 /* Frameworks */,
				86EBA169273C004F0037B851 /* Resources */,
			);
			buildRules = (
			);
			dependencies = (
			);
			name = vmpendischukPW5;
			productName = vmpendischukPW5;
			productReference = 86EBA16B273C004F0037B851 /* vmpendischukPW5.app */;
			productType = "com.apple.product-type.application";
		};
/* End PBXNativeTarget section */

/* Begin PBXProject section */
		86EBA163273C004F0037B851 /* Project object */ = {
			isa = PBXProject;
			attributes = {
				LastSwiftUpdateCheck = 1250;
				LastUpgradeCheck = 1250;
				TargetAttributes = {
					86EBA16A273C004F0037B851 = {
						CreatedOnToolsVersion = 12.5.1;
					};
				};
			};
			buildConfigurationList = 86EBA166273C004F0037B851 /* Build configuration list for PBXProject "vmpendischukPW5" */;
			compatibilityVersion = "Xcode 9.3";
			developmentRegion = en;
			hasScannedForEncodings = 0;
			knownRegions = (
				en,
				Base,
			);
			mainGroup = 86EBA162273C004F0037B851;
			productRefGroup = 86EBA16C273C004F0037B851 /* Products */;
			projectDirPath = "";
			projectRoot = "";
			targets = (
				86EBA16A273C004F0037B851 /* vmpendischukPW5 */,
			);
		};
/* End PBXProject section */

/* Begin PBXResourcesBuildPhase section */
		86EBA169273C004F0037B851 /* Resources */ = {
			isa = PBXResourcesBuildPhase;
			buildActionMask = 2147483647;
			files = (
				86EBA1CB273C96120037B851 /* Poppins-Light.ttf in Resources */,
				86EBA1D5273C96120037B851 /* Poppins-Black.ttf in Resources */,
				86EBA1D3273C96120037B851 /* Poppins-LightItalic.ttf in Resources */,
				86EBA1D6273C96120037B851 /* Poppins-Thin.ttf in Resources */,
				86EBA1C7273C96120037B851 /* Poppins-ExtraLight.ttf in Resources */,
				86EBA1D7273C96120037B851 /* Poppins-SemiBold.ttf in Resources */,
				86EBA1D4273C96120037B851 /* Poppins-Bold.ttf in Resources */,
				86EBA1C8273C96120037B851 /* Poppins-ThinItalic.ttf in Resources */,
				86EBA1C9273C96120037B851 /* Poppins-ExtraLightItalic.ttf in Resources */,
				86EBA1D0273C96120037B851 /* Poppins-BlackItalic.ttf in Resources */,
				86EBA1CE273C96120037B851 /* Poppins-ExtraBoldItalic.ttf in Resources */,
				86EBA1CA273C96120037B851 /* Poppins-BoldItalic.ttf in Resources */,
				86EBA1CD273C96120037B851 /* Poppins-SemiBoldItalic.ttf in Resources */,
				86EBA1D1273C96120037B851 /* OFL.txt in Resources */,
				86EBA1D2273C96120037B851 /* Poppins-Regular.ttf in Resources */,
				86EBA1CF273C96120037B851 /* Poppins-ExtraBold.ttf in Resources */,
				86EBA1CC273C96120037B851 /* Poppins-Medium.ttf in Resources */,
				86EBA17B273C00510037B851 /* LaunchScreen.storyboard in Resources */,
				86EBA1D8273C96120037B851 /* Poppins-Italic.ttf in Resources */,
				86EBA1D9273C96120037B851 /* Poppins-MediumItalic.ttf in Resources */,
				86EBA178273C00510037B851 /* Assets.xcassets in Resources */,
			);
			runOnlyForDeploymentPostprocessing = 0;
		};
/* End PBXResourcesBuildPhase section */

/* Begin PBXSourcesBuildPhase section */
		86EBA167273C004F0037B851 /* Sources */ = {
			isa = PBXSourcesBuildPhase;
			buildActionMask = 2147483647;
			files = (
				86EBA173273C004F0037B851 /* ArticlesViewController.swift in Sources */,
				86EBA1B0273C55A50037B851 /* ArticleTableViewCell.swift in Sources */,
				86EBA187273C024A0037B851 /* ArticlesInteractor.swift in Sources */,
				86EBA191273C07A10037B851 /* ArticleModel.swift in Sources */,
				86EBA19B273C203B0037B851 /* ArticlesConfigurator.swift in Sources */,
				86EBA1A9273C36CF0037B851 /* ArticleViewModel.swift in Sources */,
				86EBA16F273C004F0037B851 /* AppDelegate.swift in Sources */,
				86EBA18D273C03070037B851 /* ArticlesWorker.swift in Sources */,
				86EBA1DB273D44230037B851 /* ArticleViewController.swift in Sources */,
				86EBA18B273C02C70037B851 /* ArticlesRouter.swift in Sources */,
				86EBA1B2273C56CD0037B851 /* ArticleCellView.swift in Sources */,
				86EBA171273C004F0037B851 /* SceneDelegate.swift in Sources */,
				86EBA189273C02620037B851 /* ArticlesPresenter.swift in Sources */,
			);
			runOnlyForDeploymentPostprocessing = 0;
		};
/* End PBXSourcesBuildPhase section */

/* Begin PBXVariantGroup section */
		86EBA179273C00510037B851 /* LaunchScreen.storyboard */ = {
			isa = PBXVariantGroup;
			children = (
				86EBA17A273C00510037B851 /* Base */,
			);
			name = LaunchScreen.storyboard;
			sourceTree = "<group>";
		};
/* End PBXVariantGroup section */

/* Begin XCBuildConfiguration section */
		86EBA17D273C00510037B851 /* Debug */ = {
			isa = XCBuildConfiguration;
			buildSettings = {
				ALWAYS_SEARCH_USER_PATHS = NO;
				CLANG_ANALYZER_NONNULL = YES;
				CLANG_ANALYZER_NUMBER_OBJECT_CONVERSION = YES_AGGRESSIVE;
				CLANG_CXX_LANGUAGE_STANDARD = "gnu++14";
				CLANG_CXX_LIBRARY = "libc++";
				CLANG_ENABLE_MODULES = YES;
				CLANG_ENABLE_OBJC_ARC = YES;
				CLANG_ENABLE_OBJC_WEAK = YES;
				CLANG_WARN_BLOCK_CAPTURE_AUTORELEASING = YES;
				CLANG_WARN_BOOL_CONVERSION = YES;
				CLANG_WARN_COMMA = YES;
				CLANG_WARN_CONSTANT_CONVERSION = YES;
				CLANG_WARN_DEPRECATED_OBJC_IMPLEMENTATIONS = YES;
				CLANG_WARN_DIRECT_OBJC_ISA_USAGE = YES_ERROR;
				CLANG_WARN_DOCUMENTATION_COMMENTS = YES;
				CLANG_WARN_EMPTY_BODY = YES;
				CLANG_WARN_ENUM_CONVERSION = YES;
				CLANG_WARN_INFINITE_RECURSION = YES;
				CLANG_WARN_INT_CONVERSION = YES;
				CLANG_WARN_NON_LITERAL_NULL_CONVERSION = YES;
				CLANG_WARN_OBJC_IMPLICIT_RETAIN_SELF = YES;
				CLANG_WARN_OBJC_LITERAL_CONVERSION = YES;
				CLANG_WARN_OBJC_ROOT_CLASS = YES_ERROR;
				CLANG_WARN_QUOTED_INCLUDE_IN_FRAMEWORK_HEADER = YES;
				CLANG_WARN_RANGE_LOOP_ANALYSIS = YES;
				CLANG_WARN_STRICT_PROTOTYPES = YES;
				CLANG_WARN_SUSPICIOUS_MOVE = YES;
				CLANG_WARN_UNGUARDED_AVAILABILITY = YES_AGGRESSIVE;
				CLANG_WARN_UNREACHABLE_CODE = YES;
				CLANG_WARN__DUPLICATE_METHOD_MATCH = YES;
				COPY_PHASE_STRIP = NO;
				DEBUG_INFORMATION_FORMAT = dwarf;
				ENABLE_STRICT_OBJC_MSGSEND = YES;
				ENABLE_TESTABILITY = YES;
				GCC_C_LANGUAGE_STANDARD = gnu11;
				GCC_DYNAMIC_NO_PIC = NO;
				GCC_NO_COMMON_BLOCKS = YES;
				GCC_OPTIMIZATION_LEVEL = 0;
				GCC_PREPROCESSOR_DEFINITIONS = (
					"DEBUG=1",
					"$(inherited)",
				);
				GCC_WARN_64_TO_32_BIT_CONVERSION = YES;
				GCC_WARN_ABOUT_RETURN_TYPE = YES_ERROR;
				GCC_WARN_UNDECLARED_SELECTOR = YES;
				GCC_WARN_UNINITIALIZED_AUTOS = YES_AGGRESSIVE;
				GCC_WARN_UNUSED_FUNCTION = YES;
				GCC_WARN_UNUSED_VARIABLE = YES;
				IPHONEOS_DEPLOYMENT_TARGET = 14.5;
				MTL_ENABLE_DEBUG_INFO = INCLUDE_SOURCE;
				MTL_FAST_MATH = YES;
				ONLY_ACTIVE_ARCH = YES;
				SDKROOT = iphoneos;
				SWIFT_ACTIVE_COMPILATION_CONDITIONS = DEBUG;
				SWIFT_OPTIMIZATION_LEVEL = "-Onone";
			};
			name = Debug;
		};
		86EBA17E273C00510037B851 /* Release */ = {
			isa = XCBuildConfiguration;
			buildSettings = {
				ALWAYS_SEARCH_USER_PATHS = NO;
				CLANG_ANALYZER_NONNULL = YES;
				CLANG_ANALYZER_NUMBER_OBJECT_CONVERSION = YES_AGGRESSIVE;
				CLANG_CXX_LANGUAGE_STANDARD = "gnu++14";
				CLANG_CXX_LIBRARY = "libc++";
				CLANG_ENABLE_MODULES = YES;
				CLANG_ENABLE_OBJC_ARC = YES;
				CLANG_ENABLE_OBJC_WEAK = YES;
				CLANG_WARN_BLOCK_CAPTURE_AUTORELEASING = YES;
				CLANG_WARN_BOOL_CONVERSION = YES;
				CLANG_WARN_COMMA = YES;
				CLANG_WARN_CONSTANT_CONVERSION = YES;
				CLANG_WARN_DEPRECATED_OBJC_IMPLEMENTATIONS = YES;
				CLANG_WARN_DIRECT_OBJC_ISA_USAGE = YES_ERROR;
				CLANG_WARN_DOCUMENTATION_COMMENTS = YES;
				CLANG_WARN_EMPTY_BODY = YES;
				CLANG_WARN_ENUM_CONVERSION = YES;
				CLANG_WARN_INFINITE_RECURSION = YES;
				CLANG_WARN_INT_CONVERSION = YES;
				CLANG_WARN_NON_LITERAL_NULL_CONVERSION = YES;
				CLANG_WARN_OBJC_IMPLICIT_RETAIN_SELF = YES;
				CLANG_WARN_OBJC_LITERAL_CONVERSION = YES;
				CLANG_WARN_OBJC_ROOT_CLASS = YES_ERROR;
				CLANG_WARN_QUOTED_INCLUDE_IN_FRAMEWORK_HEADER = YES;
				CLANG_WARN_RANGE_LOOP_ANALYSIS = YES;
				CLANG_WARN_STRICT_PROTOTYPES = YES;
				CLANG_WARN_SUSPICIOUS_MOVE = YES;
				CLANG_WARN_UNGUARDED_AVAILABILITY = YES_AGGRESSIVE;
				CLANG_WARN_UNREACHABLE_CODE = YES;
				CLANG_WARN__DUPLICATE_METHOD_MATCH = YES;
				COPY_PHASE_STRIP = NO;
				DEBUG_INFORMATION_FORMAT = "dwarf-with-dsym";
				ENABLE_NS_ASSERTIONS = NO;
				ENABLE_STRICT_OBJC_MSGSEND = YES;
				GCC_C_LANGUAGE_STANDARD = gnu11;
				GCC_NO_COMMON_BLOCKS = YES;
				GCC_WARN_64_TO_32_BIT_CONVERSION = YES;
				GCC_WARN_ABOUT_RETURN_TYPE = YES_ERROR;
				GCC_WARN_UNDECLARED_SELECTOR = YES;
				GCC_WARN_UNINITIALIZED_AUTOS = YES_AGGRESSIVE;
				GCC_WARN_UNUSED_FUNCTION = YES;
				GCC_WARN_UNUSED_VARIABLE = YES;
				IPHONEOS_DEPLOYMENT_TARGET = 14.5;
				MTL_ENABLE_DEBUG_INFO = NO;
				MTL_FAST_MATH = YES;
				SDKROOT = iphoneos;
				SWIFT_COMPILATION_MODE = wholemodule;
				SWIFT_OPTIMIZATION_LEVEL = "-O";
				VALIDATE_PRODUCT = YES;
			};
			name = Release;
		};
		86EBA180273C00510037B851 /* Debug */ = {
			isa = XCBuildConfiguration;
			buildSettings = {
				ASSETCATALOG_COMPILER_APPICON_NAME = AppIcon;
				ASSETCATALOG_COMPILER_GLOBAL_ACCENT_COLOR_NAME = AccentColor;
				CODE_SIGN_STYLE = Automatic;
				DEVELOPMENT_TEAM = 8V9GAWEA72;
				INFOPLIST_FILE = vmpendischukPW5/Info.plist;
				LD_RUNPATH_SEARCH_PATHS = (
					"$(inherited)",
					"@executable_path/Frameworks",
				);
				PRODUCT_BUNDLE_IDENTIFIER = ru.hse.edu.vmpendischukPW5;
				PRODUCT_NAME = "$(TARGET_NAME)";
				SWIFT_VERSION = 5.0;
				TARGETED_DEVICE_FAMILY = "1,2";
			};
			name = Debug;
		};
		86EBA181273C00510037B851 /* Release */ = {
			isa = XCBuildConfiguration;
			buildSettings = {
				ASSETCATALOG_COMPILER_APPICON_NAME = AppIcon;
				ASSETCATALOG_COMPILER_GLOBAL_ACCENT_COLOR_NAME = AccentColor;
				CODE_SIGN_STYLE = Automatic;
				DEVELOPMENT_TEAM = 8V9GAWEA72;
				INFOPLIST_FILE = vmpendischukPW5/Info.plist;
				LD_RUNPATH_SEARCH_PATHS = (
					"$(inherited)",
					"@executable_path/Frameworks",
				);
				PRODUCT_BUNDLE_IDENTIFIER = ru.hse.edu.vmpendischukPW5;
				PRODUCT_NAME = "$(TARGET_NAME)";
				SWIFT_VERSION = 5.0;
				TARGETED_DEVICE_FAMILY = "1,2";
			};
			name = Release;
		};
/* End XCBuildConfiguration section */

/* Begin XCConfigurationList section */
		86EBA166273C004F0037B851 /* Build configuration list for PBXProject "vmpendischukPW5" */ = {
			isa = XCConfigurationList;
			buildConfigurations = (
				86EBA17D273C00510037B851 /* Debug */,
				86EBA17E273C00510037B851 /* Release */,
			);
			defaultConfigurationIsVisible = 0;
			defaultConfigurationName = Release;
		};
		86EBA17F273C00510037B851 /* Build configuration list for PBXNativeTarget "vmpendischukPW5" */ = {
			isa = XCConfigurationList;
			buildConfigurations = (
				86EBA180273C00510037B851 /* Debug */,
				86EBA181273C00510037B851 /* Release */,
			);
			defaultConfigurationIsVisible = 0;
			defaultConfigurationName = Release;
		};
/* End XCConfigurationList section */
	};
	rootObject = 86EBA163273C004F0037B851 /* Project object */;
}
